
Microsoft Visual Studio Solution File, Format Version 12.00
# Visual Studio Version 16
VisualStudioVersion = 16.0.31605.320
MinimumVisualStudioVersion = 10.0.40219.1
Project("{9A19103F-16F7-4668-BE54-9A1E7A4F7556}") = "WinFormsApp1", "WinFormsApp1\WinFormsApp1.csproj", "{042A80EA-603A-45DE-B9AD-6ABAABA64E79}"
EndProject
Global
	GlobalSection(SolutionConfigurationPlatforms) = preSolution
		Debug|Any CPU = Debug|Any CPU
		Release|Any CPU = Release|Any CPU
	EndGlobalSection
	GlobalSection(ProjectConfigurationPlatforms) = postSolution
		{042A80EA-603A-45DE-B9AD-6ABAABA64E79}.Debug|Any CPU.ActiveCfg = Debug|Any CPU
		{042A80EA-603A-45DE-B9AD-6ABAABA64E79}.Debug|Any CPU.Build.0 = Debug|Any CPU
		{042A80EA-603A-45DE-B9AD-6ABAABA64E79}.Release|Any CPU.ActiveCfg = Release|Any CPU
		{042A80EA-603A-45DE-B9AD-6ABAABA64E79}.Release|Any CPU.Build.0 = Release|Any CPU
	EndGlobalSection
	GlobalSection(SolutionProperties) = preSolution
		HideSolutionNode = FALSE
	EndGlobalSection
	GlobalSection(ExtensibilityGlobals) = postSolution
		SolutionGuid = {83955767-8888-4B9F-B35E-DC740826D9CC}
	EndGlobalSection
EndGlobal
